
Microsoft Visual Studio Solution File, Format Version 12.00
# Visual Studio Version 16
VisualStudioVersion = 16.0.30114.105
MinimumVisualStudioVersion = 10.0.40219.1
Project("{FAE04EC0-301F-11D3-BF4B-00C04F79EFBC}") = "API", "API\API.csproj", "{52756DCB-AC20-4B9A-858C-7C8C982F923B}"
EndProject
Project("{FAE04EC0-301F-11D3-BF4B-00C04F79EFBC}") = "Application", "Application\Application.csproj", "{0BCE70ED-5E4A-46A3-9038-3FCD9C56BB9A}"
EndProject
Project("{FAE04EC0-301F-11D3-BF4B-00C04F79EFBC}") = "Persistence", "Persistence\Persistence.csproj", "{6B21B75B-F619-42F3-B899-D6682AB35806}"
EndProject
Project("{FAE04EC0-301F-11D3-BF4B-00C04F79EFBC}") = "Domain", "Domain\Domain.csproj", "{F7513B43-3A0A-4F0C-A65A-00DDC2244A80}"
EndProject
Global
	GlobalSection(SolutionConfigurationPlatforms) = preSolution
		Debug|Any CPU = Debug|Any CPU
		Release|Any CPU = Release|Any CPU
	EndGlobalSection
	GlobalSection(SolutionProperties) = preSolution
		HideSolutionNode = FALSE
	EndGlobalSection
	GlobalSection(ProjectConfigurationPlatforms) = postSolution
		{52756DCB-AC20-4B9A-858C-7C8C982F923B}.Debug|Any CPU.ActiveCfg = Debug|Any CPU
		{52756DCB-AC20-4B9A-858C-7C8C982F923B}.Debug|Any CPU.Build.0 = Debug|Any CPU
		{52756DCB-AC20-4B9A-858C-7C8C982F923B}.Release|Any CPU.ActiveCfg = Release|Any CPU
		{52756DCB-AC20-4B9A-858C-7C8C982F923B}.Release|Any CPU.Build.0 = Release|Any CPU
		{0BCE70ED-5E4A-46A3-9038-3FCD9C56BB9A}.Debug|Any CPU.ActiveCfg = Debug|Any CPU
		{0BCE70ED-5E4A-46A3-9038-3FCD9C56BB9A}.Debug|Any CPU.Build.0 = Debug|Any CPU
		{0BCE70ED-5E4A-46A3-9038-3FCD9C56BB9A}.Release|Any CPU.ActiveCfg = Release|Any CPU
		{0BCE70ED-5E4A-46A3-9038-3FCD9C56BB9A}.Release|Any CPU.Build.0 = Release|Any CPU
		{6B21B75B-F619-42F3-B899-D6682AB35806}.Debug|Any CPU.ActiveCfg = Debug|Any CPU
		{6B21B75B-F619-42F3-B899-D6682AB35806}.Debug|Any CPU.Build.0 = Debug|Any CPU
		{6B21B75B-F619-42F3-B899-D6682AB35806}.Release|Any CPU.ActiveCfg = Release|Any CPU
		{6B21B75B-F619-42F3-B899-D6682AB35806}.Release|Any CPU.Build.0 = Release|Any CPU
		{F7513B43-3A0A-4F0C-A65A-00DDC2244A80}.Debug|Any CPU.ActiveCfg = Debug|Any CPU
		{F7513B43-3A0A-4F0C-A65A-00DDC2244A80}.Debug|Any CPU.Build.0 = Debug|Any CPU
		{F7513B43-3A0A-4F0C-A65A-00DDC2244A80}.Release|Any CPU.ActiveCfg = Release|Any CPU
		{F7513B43-3A0A-4F0C-A65A-00DDC2244A80}.Release|Any CPU.Build.0 = Release|Any CPU
	EndGlobalSection
EndGlobal
